
Microsoft Visual Studio Solution File, Format Version 12.00
# Visual Studio Version 16
VisualStudioVersion = 16.0.32413.511
MinimumVisualStudioVersion = 10.0.40219.1
Project("{FAE04EC0-301F-11D3-BF4B-00C04F79EFBC}") = "Quality_Control_EF", "Quality_Control_EF.csproj", "{58DFD95D-2650-4FAE-8E74-0A7D4AB9C2DF}"
EndProject
Global
	GlobalSection(SolutionConfigurationPlatforms) = preSolution
		Debug|Any CPU = Debug|Any CPU
		Release|Any CPU = Release|Any CPU
	EndGlobalSection
	GlobalSection(ProjectConfigurationPlatforms) = postSolution
		{58DFD95D-2650-4FAE-8E74-0A7D4AB9C2DF}.Debug|Any CPU.ActiveCfg = Debug|Any CPU
		{58DFD95D-2650-4FAE-8E74-0A7D4AB9C2DF}.Debug|Any CPU.Build.0 = Debug|Any CPU
		{58DFD95D-2650-4FAE-8E74-0A7D4AB9C2DF}.Release|Any CPU.ActiveCfg = Release|Any CPU
		{58DFD95D-2650-4FAE-8E74-0A7D4AB9C2DF}.Release|Any CPU.Build.0 = Release|Any CPU
	EndGlobalSection
	GlobalSection(SolutionProperties) = preSolution
		HideSolutionNode = FALSE
	EndGlobalSection
	GlobalSection(ExtensibilityGlobals) = postSolution
		SolutionGuid = {0AABD01A-77DA-490B-A64A-3A487882FA53}
	EndGlobalSection
EndGlobal
